{
  "pins" : [
    {
      "identity" : "kingfisher",
      "kind" : "remoteSourceControl",
      "location" : "https://github.com/onevcat/Kingfisher.git",
      "state" : {
        "revision" : "277f1ab2c6664b19b4a412e32b094b201e2d5757",
        "version" : "7.10.0"
      }
    },
    {
      "identity" : "svprogresshud",
      "kind" : "remoteSourceControl",
      "location" : "https://github.com/SVProgressHUD/SVProgressHUD.git",
      "state" : {
        "revision" : "c33f7c775ba7feea6047a1fc3257f2e5863b44f7",
        "version" : "2.3.1"
      }
    }
  ],
  "version" : 2
}
